
Microsoft Visual Studio Solution File, Format Version 12.00
# Visual Studio Version 16
VisualStudioVersion = 16.0.29318.209
MinimumVisualStudioVersion = 10.0.40219.1
Project("{FAE04EC0-301F-11D3-BF4B-00C04F79EFBC}") = "KafkaPublisher", "KafkaPublisher\KafkaPublisher.csproj", "{21A29B67-4760-4E4B-B528-BA09B884A5F7}"
EndProject
Project("{FAE04EC0-301F-11D3-BF4B-00C04F79EFBC}") = "KafkaSubscriber", "KafkaSubscriber\KafkaSubscriber.csproj", "{1908FCBD-AFC2-4435-B26A-533A4929DD8A}"
EndProject
Global
	GlobalSection(SolutionConfigurationPlatforms) = preSolution
		Debug|Any CPU = Debug|Any CPU
		Release|Any CPU = Release|Any CPU
	EndGlobalSection
	GlobalSection(ProjectConfigurationPlatforms) = postSolution
		{21A29B67-4760-4E4B-B528-BA09B884A5F7}.Debug|Any CPU.ActiveCfg = Debug|Any CPU
		{21A29B67-4760-4E4B-B528-BA09B884A5F7}.Debug|Any CPU.Build.0 = Debug|Any CPU
		{21A29B67-4760-4E4B-B528-BA09B884A5F7}.Release|Any CPU.ActiveCfg = Release|Any CPU
		{21A29B67-4760-4E4B-B528-BA09B884A5F7}.Release|Any CPU.Build.0 = Release|Any CPU
		{1908FCBD-AFC2-4435-B26A-533A4929DD8A}.Debug|Any CPU.ActiveCfg = Debug|Any CPU
		{1908FCBD-AFC2-4435-B26A-533A4929DD8A}.Debug|Any CPU.Build.0 = Debug|Any CPU
		{1908FCBD-AFC2-4435-B26A-533A4929DD8A}.Release|Any CPU.ActiveCfg = Release|Any CPU
		{1908FCBD-AFC2-4435-B26A-533A4929DD8A}.Release|Any CPU.Build.0 = Release|Any CPU
	EndGlobalSection
	GlobalSection(SolutionProperties) = preSolution
		HideSolutionNode = FALSE
	EndGlobalSection
	GlobalSection(ExtensibilityGlobals) = postSolution
		SolutionGuid = {B8E336B9-97C3-4FB0-B89F-B29BD62F57D6}
	EndGlobalSection
EndGlobal
